// !$*UTF8*$!
{
	archiveVersion = 1;
	classes = {
	};
	objectVersion = 46;
	objects = {

/* Begin PBXBuildFile section */
		4D488BA21B18D71C005FF60A /* AppDelegate.swift in Sources */ = {isa = PBXBuildFile; fileRef = 4D488BA11B18D71C005FF60A /* AppDelegate.swift */; };
		4D488BA41B18D71C005FF60A /* ViewController.swift in Sources */ = {isa = PBXBuildFile; fileRef = 4D488BA31B18D71C005FF60A /* ViewController.swift */; };
		4D488BA71B18D71C005FF60A /* Main.storyboard in Resources */ = {isa = PBXBuildFile; fileRef = 4D488BA51B18D71C005FF60A /* Main.storyboard */; };
		4D488BA91B18D71C005FF60A /* Images.xcassets in Resources */ = {isa = PBXBuildFile; fileRef = 4D488BA81B18D71C005FF60A /* Images.xcassets */; };
		4D488BAC1B18D71C005FF60A /* LaunchScreen.xib in Resources */ = {isa = PBXBuildFile; fileRef = 4D488BAA1B18D71C005FF60A /* LaunchScreen.xib */; };
		4D488BB81B18D71C005FF60A /* PhotoFiltersTests.swift in Sources */ = {isa = PBXBuildFile; fileRef = 4D488BB71B18D71C005FF60A /* PhotoFiltersTests.swift */; };
		4D488BC21B18D953005FF60A /* Mr-Burns-screenshot.jpg in Resources */ = {isa = PBXBuildFile; fileRef = 4D488BC11B18D953005FF60A /* Mr-Burns-screenshot.jpg */; };
/* End PBXBuildFile section */

/* Begin PBXContainerItemProxy section */
		4D488BB21B18D71C005FF60A /* PBXContainerItemProxy */ = {
			isa = PBXContainerItemProxy;
			containerPortal = 4D488B941B18D71C005FF60A /* Project object */;
			proxyType = 1;
			remoteGlobalIDString = 4D488B9B1B18D71C005FF60A;
			remoteInfo = PhotoFilters;
		};
/* End PBXContainerItemProxy section */

/* Begin PBXFileReference section */
		4D488B9C1B18D71C005FF60A /* PhotoFilters.app */ = {isa = PBXFileReference; explicitFileType = wrapper.application; includeInIndex = 0; path = PhotoFilters.app; sourceTree = BUILT_PRODUCTS_DIR; };
		4D488BA01B18D71C005FF60A /* Info.plist */ = {isa = PBXFileReference; lastKnownFileType = text.plist.xml; path = Info.plist; sourceTree = "<group>"; };
		4D488BA11B18D71C005FF60A /* AppDelegate.swift */ = {isa = PBXFileReference; lastKnownFileType = sourcecode.swift; path = AppDelegate.swift; sourceTree = "<group>"; };
		4D488BA31B18D71C005FF60A /* ViewController.swift */ = {isa = PBXFileReference; lastKnownFileType = sourcecode.swift; path = ViewController.swift; sourceTree = "<group>"; };
		4D488BA61B18D71C005FF60A /* Base */ = {isa = PBXFileReference; lastKnownFileType = file.storyboard; name = Base; path = Base.lproj/Main.storyboard; sourceTree = "<group>"; };
		4D488BA81B18D71C005FF60A /* Images.xcassets */ = {isa = PBXFileReference; lastKnownFileType = folder.assetcatalog; path = Images.xcassets; sourceTree = "<group>"; };
		4D488BAB1B18D71C005FF60A /* Base */ = {isa = PBXFileReference; lastKnownFileType = file.xib; name = Base; path = Base.lproj/LaunchScreen.xib; sourceTree = "<group>"; };
		4D488BB11B18D71C005FF60A /* PhotoFiltersTests.xctest */ = {isa = PBXFileReference; explicitFileType = wrapper.cfbundle; includeInIndex = 0; path = PhotoFiltersTests.xctest; sourceTree = BUILT_PRODUCTS_DIR; };
		4D488BB61B18D71C005FF60A /* Info.plist */ = {isa = PBXFileReference; lastKnownFileType = text.plist.xml; path = Info.plist; sourceTree = "<group>"; };
		4D488BB71B18D71C005FF60A /* PhotoFiltersTests.swift */ = {isa = PBXFileReference; lastKnownFileType = sourcecode.swift; path = PhotoFiltersTests.swift; sourceTree = "<group>"; };
		4D488BC11B18D953005FF60A /* Mr-Burns-screenshot.jpg */ = {isa = PBXFileReference; lastKnownFileType = image.jpeg; path = "Mr-Burns-screenshot.jpg"; sourceTree = SOURCE_ROOT; };
/* End PBXFileReference section */

/* Begin PBXFrameworksBuildPhase section */
		4D488B991B18D71C005FF60A /* Frameworks */ = {
			isa = PBXFrameworksBuildPhase;
			buildActionMask = 2147483647;
			files = (
			);
			runOnlyForDeploymentPostprocessing = 0;
		};
		4D488BAE1B18D71C005FF60A /* Frameworks */ = {
			isa = PBXFrameworksBuildPhase;
			buildActionMask = 2147483647;
			files = (
			);
			runOnlyForDeploymentPostprocessing = 0;
		};
/* End PBXFrameworksBuildPhase section */

/* Begin PBXGroup section */
		4D488B931B18D71C005FF60A = {
			isa = PBXGroup;
			children = (
				4D488B9E1B18D71C005FF60A /* PhotoFilters */,
				4D488BB41B18D71C005FF60A /* PhotoFiltersTests */,
				4D488B9D1B18D71C005FF60A /* Products */,
			);
			sourceTree = "<group>";
		};
		4D488B9D1B18D71C005FF60A /* Products */ = {
			isa = PBXGroup;
			children = (
				4D488B9C1B18D71C005FF60A /* PhotoFilters.app */,
				4D488BB11B18D71C005FF60A /* PhotoFiltersTests.xctest */,
			);
			name = Products;
			sourceTree = "<group>";
		};
		4D488B9E1B18D71C005FF60A /* PhotoFilters */ = {
			isa = PBXGroup;
			children = (
				4D488BC11B18D953005FF60A /* Mr-Burns-screenshot.jpg */,
				4D488BA11B18D71C005FF60A /* AppDelegate.swift */,
				4D488BA31B18D71C005FF60A /* ViewController.swift */,
				4D488BA51B18D71C005FF60A /* Main.storyboard */,
				4D488BA81B18D71C005FF60A /* Images.xcassets */,
				4D488BAA1B18D71C005FF60A /* LaunchScreen.xib */,
				4D488B9F1B18D71C005FF60A /* Supporting Files */,
			);
			path = PhotoFilters;
			sourceTree = "<group>";
		};
		4D488B9F1B18D71C005FF60A /* Supporting Files */ = {
			isa = PBXGroup;
			children = (
				4D488BA01B18D71C005FF60A /* Info.plist */,
			);
			name = "Supporting Files";
			sourceTree = "<group>";
		};
		4D488BB41B18D71C005FF60A /* PhotoFiltersTests */ = {
			isa = PBXGroup;
			children = (
				4D488BB71B18D71C005FF60A /* PhotoFiltersTests.swift */,
				4D488BB51B18D71C005FF60A /* Supporting Files */,
			);
			path = PhotoFiltersTests;
			sourceTree = "<group>";
		};
		4D488BB51B18D71C005FF60A /* Supporting Files */ = {
			isa = PBXGroup;
			children = (
				4D488BB61B18D71C005FF60A /* Info.plist */,
			);
			name = "Supporting Files";
			sourceTree = "<group>";
		};
/* End PBXGroup section */

/* Begin PBXNativeTarget section */
		4D488B9B1B18D71C005FF60A /* PhotoFilters */ = {
			isa = PBXNativeTarget;
			buildConfigurationList = 4D488BBB1B18D71C005FF60A /* Build configuration list for PBXNativeTarget "PhotoFilters" */;
			buildPhases = (
				4D488B981B18D71C005FF60A /* Sources */,
				4D488B991B18D71C005FF60A /* Frameworks */,
				4D488B9A1B18D71C005FF60A /* Resources */,
			);
			buildRules = (
			);
			dependencies = (
			);
			name = PhotoFilters;
			productName = PhotoFilters;
			productReference = 4D488B9C1B18D71C005FF60A /* PhotoFilters.app */;
			productType = "com.apple.product-type.application";
		};
		4D488BB01B18D71C005FF60A /* PhotoFiltersTests */ = {
			isa = PBXNativeTarget;
			buildConfigurationList = 4D488BBE1B18D71C005FF60A /* Build configuration list for PBXNativeTarget "PhotoFiltersTests" */;
			buildPhases = (
				4D488BAD1B18D71C005FF60A /* Sources */,
				4D488BAE1B18D71C005FF60A /* Frameworks */,
				4D488BAF1B18D71C005FF60A /* Resources */,
			);
			buildRules = (
			);
			dependencies = (
				4D488BB31B18D71C005FF60A /* PBXTargetDependency */,
			);
			name = PhotoFiltersTests;
			productName = PhotoFiltersTests;
			productReference = 4D488BB11B18D71C005FF60A /* PhotoFiltersTests.xctest */;
			productType = "com.apple.product-type.bundle.unit-test";
		};
/* End PBXNativeTarget section */

/* Begin PBXProject section */
		4D488B941B18D71C005FF60A /* Project object */ = {
			isa = PBXProject;
			attributes = {
				LastUpgradeCheck = 0630;
				ORGANIZATIONNAME = "Shaun Chua";
				TargetAttributes = {
					4D488B9B1B18D71C005FF60A = {
						CreatedOnToolsVersion = 6.3.2;
					};
					4D488BB01B18D71C005FF60A = {
						CreatedOnToolsVersion = 6.3.2;
						TestTargetID = 4D488B9B1B18D71C005FF60A;
					};
				};
			};
			buildConfigurationList = 4D488B971B18D71C005FF60A /* Build configuration list for PBXProject "PhotoFilters" */;
			compatibilityVersion = "Xcode 3.2";
			developmentRegion = English;
			hasScannedForEncodings = 0;
			knownRegions = (
				en,
				Base,
			);
			mainGroup = 4D488B931B18D71C005FF60A;
			productRefGroup = 4D488B9D1B18D71C005FF60A /* Products */;
			projectDirPath = "";
			projectRoot = "";
			targets = (
				4D488B9B1B18D71C005FF60A /* PhotoFilters */,
				4D488BB01B18D71C005FF60A /* PhotoFiltersTests */,
			);
		};
/* End PBXProject section */

/* Begin PBXResourcesBuildPhase section */
		4D488B9A1B18D71C005FF60A /* Resources */ = {
			isa = PBXResourcesBuildPhase;
			buildActionMask = 2147483647;
			files = (
				4D488BA71B18D71C005FF60A /* Main.storyboard in Resources */,
				4D488BAC1B18D71C005FF60A /* LaunchScreen.xib in Resources */,
				4D488BA91B18D71C005FF60A /* Images.xcassets in Resources */,
				4D488BC21B18D953005FF60A /* Mr-Burns-screenshot.jpg in Resources */,
			);
			runOnlyForDeploymentPostprocessing = 0;
		};
		4D488BAF1B18D71C005FF60A /* Resources */ = {
			isa = PBXResourcesBuildPhase;
			buildActionMask = 2147483647;
			files = (
			);
			runOnlyForDeploymentPostprocessing = 0;
		};
/* End PBXResourcesBuildPhase section */

/* Begin PBXSourcesBuildPhase section */
		4D488B981B18D71C005FF60A /* Sources */ = {
			isa = PBXSourcesBuildPhase;
			buildActionMask = 2147483647;
			files = (
				4D488BA41B18D71C005FF60A /* ViewController.swift in Sources */,
				4D488BA21B18D71C005FF60A /* AppDelegate.swift in Sources */,
			);
			runOnlyForDeploymentPostprocessing = 0;
		};
		4D488BAD1B18D71C005FF60A /* Sources */ = {
			isa = PBXSourcesBuildPhase;
			buildActionMask = 2147483647;
			files = (
				4D488BB81B18D71C005FF60A /* PhotoFiltersTests.swift in Sources */,
			);
			runOnlyForDeploymentPostprocessing = 0;
		};
/* End PBXSourcesBuildPhase section */

/* Begin PBXTargetDependency section */
		4D488BB31B18D71C005FF60A /* PBXTargetDependency */ = {
			isa = PBXTargetDependency;
			target = 4D488B9B1B18D71C005FF60A /* PhotoFilters */;
			targetProxy = 4D488BB21B18D71C005FF60A /* PBXContainerItemProxy */;
		};
/* End PBXTargetDependency section */

/* Begin PBXVariantGroup section */
		4D488BA51B18D71C005FF60A /* Main.storyboard */ = {
			isa = PBXVariantGroup;
			children = (
				4D488BA61B18D71C005FF60A /* Base */,
			);
			name = Main.storyboard;
			sourceTree = "<group>";
		};
		4D488BAA1B18D71C005FF60A /* LaunchScreen.xib */ = {
			isa = PBXVariantGroup;
			children = (
				4D488BAB1B18D71C005FF60A /* Base */,
			);
			name = LaunchScreen.xib;
			sourceTree = "<group>";
		};
/* End PBXVariantGroup section */

/* Begin XCBuildConfiguration section */
		4D488BB91B18D71C005FF60A /* Debug */ = {
			isa = XCBuildConfiguration;
			buildSettings = {
				ALWAYS_SEARCH_USER_PATHS = NO;
				CLANG_CXX_LANGUAGE_STANDARD = "gnu++0x";
				CLANG_CXX_LIBRARY = "libc++";
				CLANG_ENABLE_MODULES = YES;
				CLANG_ENABLE_OBJC_ARC = YES;
				CLANG_WARN_BOOL_CONVERSION = YES;
				CLANG_WARN_CONSTANT_CONVERSION = YES;
				CLANG_WARN_DIRECT_OBJC_ISA_USAGE = YES_ERROR;
				CLANG_WARN_EMPTY_BODY = YES;
				CLANG_WARN_ENUM_CONVERSION = YES;
				CLANG_WARN_INT_CONVERSION = YES;
				CLANG_WARN_OBJC_ROOT_CLASS = YES_ERROR;
				CLANG_WARN_UNREACHABLE_CODE = YES;
				CLANG_WARN__DUPLICATE_METHOD_MATCH = YES;
				"CODE_SIGN_IDENTITY[sdk=iphoneos*]" = "iPhone Developer";
				COPY_PHASE_STRIP = NO;
				DEBUG_INFORMATION_FORMAT = "dwarf-with-dsym";
				ENABLE_STRICT_OBJC_MSGSEND = YES;
				GCC_C_LANGUAGE_STANDARD = gnu99;
				GCC_DYNAMIC_NO_PIC = NO;
				GCC_NO_COMMON_BLOCKS = YES;
				GCC_OPTIMIZATION_LEVEL = 0;
				GCC_PREPROCESSOR_DEFINITIONS = (
					"DEBUG=1",
					"$(inherited)",
				);
				GCC_SYMBOLS_PRIVATE_EXTERN = NO;
				GCC_WARN_64_TO_32_BIT_CONVERSION = YES;
				GCC_WARN_ABOUT_RETURN_TYPE = YES_ERROR;
				GCC_WARN_UNDECLARED_SELECTOR = YES;
				GCC_WARN_UNINITIALIZED_AUTOS = YES_AGGRESSIVE;
				GCC_WARN_UNUSED_FUNCTION = YES;
				GCC_WARN_UNUSED_VARIABLE = YES;
				IPHONEOS_DEPLOYMENT_TARGET = 8.3;
				MTL_ENABLE_DEBUG_INFO = YES;
				ONLY_ACTIVE_ARCH = YES;
				SDKROOT = iphoneos;
				SWIFT_OPTIMIZATION_LEVEL = "-Onone";
			};
			name = Debug;
		};
		4D488BBA1B18D71C005FF60A /* Release */ = {
			isa = XCBuildConfiguration;
			buildSettings = {
				ALWAYS_SEARCH_USER_PATHS = NO;
				CLANG_CXX_LANGUAGE_STANDARD = "gnu++0x";
				CLANG_CXX_LIBRARY = "libc++";
				CLANG_ENABLE_MODULES = YES;
				CLANG_ENABLE_OBJC_ARC = YES;
				CLANG_WARN_BOOL_CONVERSION = YES;
				CLANG_WARN_CONSTANT_CONVERSION = YES;
				CLANG_WARN_DIRECT_OBJC_ISA_USAGE = YES_ERROR;
				CLANG_WARN_EMPTY_BODY = YES;
				CLANG_WARN_ENUM_CONVERSION = YES;
				CLANG_WARN_INT_CONVERSION = YES;
				CLANG_WARN_OBJC_ROOT_CLASS = YES_ERROR;
				CLANG_WARN_UNREACHABLE_CODE = YES;
				CLANG_WARN__DUPLICATE_METHOD_MATCH = YES;
				"CODE_SIGN_IDENTITY[sdk=iphoneos*]" = "iPhone Developer";
				COPY_PHASE_STRIP = NO;
				DEBUG_INFORMATION_FORMAT = "dwarf-with-dsym";
				ENABLE_NS_ASSERTIONS = NO;
				ENABLE_STRICT_OBJC_MSGSEND = YES;
				GCC_C_LANGUAGE_STANDARD = gnu99;
				GCC_NO_COMMON_BLOCKS = YES;
				GCC_WARN_64_TO_32_BIT_CONVERSION = YES;
				GCC_WARN_ABOUT_RETURN_TYPE = YES_ERROR;
				GCC_WARN_UNDECLARED_SELECTOR = YES;
				GCC_WARN_UNINITIALIZED_AUTOS = YES_AGGRESSIVE;
				GCC_WARN_UNUSED_FUNCTION = YES;
				GCC_WARN_UNUSED_VARIABLE = YES;
				IPHONEOS_DEPLOYMENT_TARGET = 8.3;
				MTL_ENABLE_DEBUG_INFO = NO;
				SDKROOT = iphoneos;
				VALIDATE_PRODUCT = YES;
			};
			name = Release;
		};
		4D488BBC1B18D71C005FF60A /* Debug */ = {
			isa = XCBuildConfiguration;
			buildSettings = {
				ASSETCATALOG_COMPILER_APPICON_NAME = AppIcon;
				INFOPLIST_FILE = PhotoFilters/Info.plist;
				LD_RUNPATH_SEARCH_PATHS = "$(inherited) @executable_path/Frameworks";
				PRODUCT_NAME = "$(TARGET_NAME)";
			};
			name = Debug;
		};
		4D488BBD1B18D71C005FF60A /* Release */ = {
			isa = XCBuildConfiguration;
			buildSettings = {
				ASSETCATALOG_COMPILER_APPICON_NAME = AppIcon;
				INFOPLIST_FILE = PhotoFilters/Info.plist;
				LD_RUNPATH_SEARCH_PATHS = "$(inherited) @executable_path/Frameworks";
				PRODUCT_NAME = "$(TARGET_NAME)";
			};
			name = Release;
		};
		4D488BBF1B18D71C005FF60A /* Debug */ = {
			isa = XCBuildConfiguration;
			buildSettings = {
				BUNDLE_LOADER = "$(TEST_HOST)";
				FRAMEWORK_SEARCH_PATHS = (
					"$(SDKROOT)/Developer/Library/Frameworks",
					"$(inherited)",
				);
				GCC_PREPROCESSOR_DEFINITIONS = (
					"DEBUG=1",
					"$(inherited)",
				);
				INFOPLIST_FILE = PhotoFiltersTests/Info.plist;
				LD_RUNPATH_SEARCH_PATHS = "$(inherited) @executable_path/Frameworks @loader_path/Frameworks";
				PRODUCT_NAME = "$(TARGET_NAME)";
				TEST_HOST = "$(BUILT_PRODUCTS_DIR)/PhotoFilters.app/PhotoFilters";
			};
			name = Debug;
		};
		4D488BC01B18D71C005FF60A /* Release */ = {
			isa = XCBuildConfiguration;
			buildSettings = {
				BUNDLE_LOADER = "$(TEST_HOST)";
				FRAMEWORK_SEARCH_PATHS = (
					"$(SDKROOT)/Developer/Library/Frameworks",
					"$(inherited)",
				);
				INFOPLIST_FILE = PhotoFiltersTests/Info.plist;
				LD_RUNPATH_SEARCH_PATHS = "$(inherited) @executable_path/Frameworks @loader_path/Frameworks";
				PRODUCT_NAME = "$(TARGET_NAME)";
				TEST_HOST = "$(BUILT_PRODUCTS_DIR)/PhotoFilters.app/PhotoFilters";
			};
			name = Release;
		};
/* End XCBuildConfiguration section */

/* Begin XCConfigurationList section */
		4D488B971B18D71C005FF60A /* Build configuration list for PBXProject "PhotoFilters" */ = {
			isa = XCConfigurationList;
			buildConfigurations = (
				4D488BB91B18D71C005FF60A /* Debug */,
				4D488BBA1B18D71C005FF60A /* Release */,
			);
			defaultConfigurationIsVisible = 0;
			defaultConfigurationName = Release;
		};
		4D488BBB1B18D71C005FF60A /* Build configuration list for PBXNativeTarget "PhotoFilters" */ = {
			isa = XCConfigurationList;
			buildConfigurations = (
				4D488BBC1B18D71C005FF60A /* Debug */,
				4D488BBD1B18D71C005FF60A /* Release */,
			);
			defaultConfigurationIsVisible = 0;
		};
		4D488BBE1B18D71C005FF60A /* Build configuration list for PBXNativeTarget "PhotoFiltersTests" */ = {
			isa = XCConfigurationList;
			buildConfigurations = (
				4D488BBF1B18D71C005FF60A /* Debug */,
				4D488BC01B18D71C005FF60A /* Release */,
			);
			defaultConfigurationIsVisible = 0;
		};
/* End XCConfigurationList section */
	};
	rootObject = 4D488B941B18D71C005FF60A /* Project object */;
}
